# This file is automatically @generated by Poetry 1.8.5 and should not be changed by hand.

[[package]]
name = "pyparsing"
version = "3.2.0"
description = "pyparsing module - Classes and methods to define and execute parsing grammars"
optional = false
python-versions = ">=3.9"
files = [
    {file = "pyparsing-3.2.0-py3-none-any.whl", hash = "sha256:93d9577b88da0bbea8cc8334ee8b918ed014968fd2ec383e868fb8afb1ccef84"},
    {file = "pyparsing-3.2.0.tar.gz", hash = "sha256:cbf74e27246d595d9a74b186b810f6fbb86726dbf3b9532efb343f6d7294fe9c"},
]

[package.extras]
diagrams = ["jinja2", "railroad-diagrams"]

[metadata]
lock-version = "2.0"
python-versions = "^3.13"
content-hash = "9ec392d376a9d3ca19c67cc4c42fbc24025bb51dd8e40626e7a88a1f39638c57"
